
Microsoft Visual Studio Solution File, Format Version 12.00
Project("{FAE04EC0-301F-11D3-BF4B-00C04F79EFBC}") = "ValidParentheses", "ValidParentheses\ValidParentheses.csproj", "{B7673ED1-55D7-446D-B4B3-0C5538A06908}"
EndProject
Project("{FAE04EC0-301F-11D3-BF4B-00C04F79EFBC}") = "SortBinaryTree", "SortBinaryTree\SortBinaryTree.csproj", "{757C0BB7-9CA6-4B7F-A465-B8BBFFEF69F6}"
EndProject
Global
	GlobalSection(SolutionConfigurationPlatforms) = preSolution
		Debug|Any CPU = Debug|Any CPU
		Release|Any CPU = Release|Any CPU
	EndGlobalSection
	GlobalSection(ProjectConfigurationPlatforms) = postSolution
		{B7673ED1-55D7-446D-B4B3-0C5538A06908}.Debug|Any CPU.ActiveCfg = Debug|Any CPU
		{B7673ED1-55D7-446D-B4B3-0C5538A06908}.Debug|Any CPU.Build.0 = Debug|Any CPU
		{B7673ED1-55D7-446D-B4B3-0C5538A06908}.Release|Any CPU.ActiveCfg = Release|Any CPU
		{B7673ED1-55D7-446D-B4B3-0C5538A06908}.Release|Any CPU.Build.0 = Release|Any CPU
		{757C0BB7-9CA6-4B7F-A465-B8BBFFEF69F6}.Debug|Any CPU.ActiveCfg = Debug|Any CPU
		{757C0BB7-9CA6-4B7F-A465-B8BBFFEF69F6}.Debug|Any CPU.Build.0 = Debug|Any CPU
		{757C0BB7-9CA6-4B7F-A465-B8BBFFEF69F6}.Release|Any CPU.ActiveCfg = Release|Any CPU
		{757C0BB7-9CA6-4B7F-A465-B8BBFFEF69F6}.Release|Any CPU.Build.0 = Release|Any CPU
	EndGlobalSection
EndGlobal
